
Microsoft Visual Studio Solution File, Format Version 12.00
# Visual Studio Version 17
VisualStudioVersion = 17.5.33424.131
MinimumVisualStudioVersion = 10.0.40219.1
Project("{FAE04EC0-301F-11D3-BF4B-00C04F79EFBC}") = "FNAF", "FNAF\FNAF.csproj", "{FAFDFD95-6945-46E8-AF9E-A1E40B7E5BE3}"
EndProject
Global
	GlobalSection(SolutionConfigurationPlatforms) = preSolution
		Debug|Any CPU = Debug|Any CPU
		Release|Any CPU = Release|Any CPU
	EndGlobalSection
	GlobalSection(ProjectConfigurationPlatforms) = postSolution
		{FAFDFD95-6945-46E8-AF9E-A1E40B7E5BE3}.Debug|Any CPU.ActiveCfg = Debug|Any CPU
		{FAFDFD95-6945-46E8-AF9E-A1E40B7E5BE3}.Debug|Any CPU.Build.0 = Debug|Any CPU
		{FAFDFD95-6945-46E8-AF9E-A1E40B7E5BE3}.Release|Any CPU.ActiveCfg = Release|Any CPU
		{FAFDFD95-6945-46E8-AF9E-A1E40B7E5BE3}.Release|Any CPU.Build.0 = Release|Any CPU
	EndGlobalSection
	GlobalSection(SolutionProperties) = preSolution
		HideSolutionNode = FALSE
	EndGlobalSection
	GlobalSection(ExtensibilityGlobals) = postSolution
		SolutionGuid = {3563F035-6F8C-4483-A86C-66EE846E2D8C}
	EndGlobalSection
EndGlobal
